
Microsoft Visual Studio Solution File, Format Version 12.00
# Visual Studio Version 17
VisualStudioVersion = 17.3.32922.545
MinimumVisualStudioVersion = 10.0.40219.1
Project("{FAE04EC0-301F-11D3-BF4B-00C04F79EFBC}") = "StringReplaceChall", "StringReplaceChall\StringReplaceChall.csproj", "{F54ECD21-6187-47A1-BBF3-AE3339050D2C}"
EndProject
Global
	GlobalSection(SolutionConfigurationPlatforms) = preSolution
		Debug|Any CPU = Debug|Any CPU
		Release|Any CPU = Release|Any CPU
	EndGlobalSection
	GlobalSection(ProjectConfigurationPlatforms) = postSolution
		{F54ECD21-6187-47A1-BBF3-AE3339050D2C}.Debug|Any CPU.ActiveCfg = Debug|Any CPU
		{F54ECD21-6187-47A1-BBF3-AE3339050D2C}.Debug|Any CPU.Build.0 = Debug|Any CPU
		{F54ECD21-6187-47A1-BBF3-AE3339050D2C}.Release|Any CPU.ActiveCfg = Release|Any CPU
		{F54ECD21-6187-47A1-BBF3-AE3339050D2C}.Release|Any CPU.Build.0 = Release|Any CPU
	EndGlobalSection
	GlobalSection(SolutionProperties) = preSolution
		HideSolutionNode = FALSE
	EndGlobalSection
	GlobalSection(ExtensibilityGlobals) = postSolution
		SolutionGuid = {E2C32E44-2322-4BD7-9908-54D7340D4D3B}
	EndGlobalSection
EndGlobal
